
Microsoft Visual Studio Solution File, Format Version 12.00
# Visual Studio Version 17
VisualStudioVersion = 17.10.34928.147
MinimumVisualStudioVersion = 10.0.40219.1
Project("{888888A0-9F3D-457C-B088-3A5042F75D52}") = "CounselorApp", "CounselorApp.pyproj", "{40D76D9E-6CDC-43C5-B67D-2DF1845953A3}"
EndProject
Global
	GlobalSection(SolutionConfigurationPlatforms) = preSolution
		Debug|Any CPU = Debug|Any CPU
		Release|Any CPU = Release|Any CPU
	EndGlobalSection
	GlobalSection(ProjectConfigurationPlatforms) = postSolution
		{40D76D9E-6CDC-43C5-B67D-2DF1845953A3}.Debug|Any CPU.ActiveCfg = Debug|Any CPU
		{40D76D9E-6CDC-43C5-B67D-2DF1845953A3}.Release|Any CPU.ActiveCfg = Release|Any CPU
	EndGlobalSection
	GlobalSection(SolutionProperties) = preSolution
		HideSolutionNode = FALSE
	EndGlobalSection
	GlobalSection(ExtensibilityGlobals) = postSolution
		SolutionGuid = {8CCC860A-834E-454E-A905-9922A65E8488}
	EndGlobalSection
EndGlobal
